
Microsoft Visual Studio Solution File, Format Version 12.00
# Visual Studio Version 17
VisualStudioVersion = 17.3.32929.385
MinimumVisualStudioVersion = 10.0.40219.1
Project("{FAE04EC0-301F-11D3-BF4B-00C04F79EFBC}") = "SistemaEmprestimoBancos", "SistemaEmprestimoBancos\SistemaEmprestimoBancos.csproj", "{284206D4-596D-428F-BBB3-60711D746D48}"
EndProject
Global
	GlobalSection(SolutionConfigurationPlatforms) = preSolution
		Debug|Any CPU = Debug|Any CPU
		Release|Any CPU = Release|Any CPU
	EndGlobalSection
	GlobalSection(ProjectConfigurationPlatforms) = postSolution
		{284206D4-596D-428F-BBB3-60711D746D48}.Debug|Any CPU.ActiveCfg = Debug|Any CPU
		{284206D4-596D-428F-BBB3-60711D746D48}.Debug|Any CPU.Build.0 = Debug|Any CPU
		{284206D4-596D-428F-BBB3-60711D746D48}.Release|Any CPU.ActiveCfg = Release|Any CPU
		{284206D4-596D-428F-BBB3-60711D746D48}.Release|Any CPU.Build.0 = Release|Any CPU
	EndGlobalSection
	GlobalSection(SolutionProperties) = preSolution
		HideSolutionNode = FALSE
	EndGlobalSection
	GlobalSection(ExtensibilityGlobals) = postSolution
		SolutionGuid = {64F0AA08-F39E-4C88-93AD-7FD8CDCF53F5}
	EndGlobalSection
EndGlobal
